{
  "name": "testing",
  "version": "1.0.0",
  "lockfileVersion": 1,
  "requires": true,
  "dependencies": {
    "@electronicbits/test-package": {
      "version": "1.0.1",
      "resolved": "https://registry.npmjs.org/@electronicbits/test-package/-/test-package-1.0.1.tgz",
      "integrity": "sha512-4y9XmkAzWoJgwnfPUZq87gZdYVyIe4MtZxMMofFrEJsAtESCl2Kaq+HKMtusTB9HSJvXTknu2EHyMZViuVOAJA=="
    }
  }
}
